<?xml version="1.0" encoding="utf-8"?>
<Project ToolsVersion="17.0" xmlns="http://schemas.microsoft.com/developer/msbuild/2003">
  <ItemGroup>
    <CustomBuild Include="C:\VS\TetrisRelease\CMakeFiles\5dd9a86632c116e0da5e624235c38d87\generate.stamp.rule">
      <Filter>CMake Rules</Filter>
    </CustomBuild>
  </ItemGroup>
  <ItemGroup>
    <Filter Include="CMake Rules">
      <UniqueIdentifier>{6428D1E6-1D8A-3485-95EC-8692FF285923}</UniqueIdentifier>
    </Filter>
  </ItemGroup>
</Project>
